Microsoft Visual Studio Solution File, Format Version 12.00
# Visual Studio 2012
Project("{FAE04EC0-301F-11D3-BF4B-00C04F79EFBC}") = "Tests", "Tests.csproj", "{0BE36FE2-B740-45F5-B23A-D77F5CB7AD4D}"
EndProject
Project("{FAE04EC0-301F-11D3-BF4B-00C04F79EFBC}") = "DgmlTestModeling", "..\DgmlTestModeling\DgmlTestModeling.csproj", "{2FEE24BA-85FD-4863-8F3A-41AE0A6DC8CE}"
EndProject
Global
GlobalSection(TeamFoundationVersionControl) = preSolution
SccNumberOfProjects = 2
SccEnterpriseProvider = {4CA58AB2-18FA-4F8D-95D4-32DDF27D184C}
SccTeamFoundationServer = https://vteam.visualstudio.com/defaultcollection
SccProjectUniqueName0 = Tests.csproj
SccProjectName0 = .
SccAuxPath0 = https://vteam.visualstudio.com/defaultcollection
SccLocalPath0 = .
SccProvider0 = {4CA58AB2-18FA-4F8D-95D4-32DDF27D184C}
SccProjectUniqueName1 = ..\\DgmlTestModeling\\DgmlTestModeling.csproj
SccProjectName1 = ../DgmlTestModeling
SccAuxPath1 = https://vteam.visualstudio.com/defaultcollection
SccLocalPath1 = ..\\DgmlTestModeling
SccProvider1 = {4CA58AB2-18FA-4F8D-95D4-32DDF27D184C}
EndGlobalSection
GlobalSection(SolutionConfigurationPlatforms) = preSolution
Debug|Any CPU = Debug|Any CPU
Release|Any CPU = Release|Any CPU
EndGlobalSection
GlobalSection(ProjectConfigurationPlatforms) = postSolution
{0BE36FE2-B740-45F5-B23A-D77F5CB7AD4D}.Debug|Any CPU.ActiveCfg = Debug|Any CPU
{0BE36FE2-B740-45F5-B23A-D77F5CB7AD4D}.Debug|Any CPU.Build.0 = Debug|Any CPU
{0BE36FE2-B740-45F5-B23A-D77F5CB7AD4D}.Release|Any CPU.ActiveCfg = Release|Any CPU
{0BE36FE2-B740-45F5-B23A-D77F5CB7AD4D}.Release|Any CPU.Build.0 = Release|Any CPU
{2FEE24BA-85FD-4863-8F3A-41AE0A6DC8CE}.Debug|Any CPU.ActiveCfg = Debug|Any CPU
{2FEE24BA-85FD-4863-8F3A-41AE0A6DC8CE}.Debug|Any CPU.Build.0 = Debug|Any CPU
{2FEE24BA-85FD-4863-8F3A-41AE0A6DC8CE}.Release|Any CPU.ActiveCfg = Release|Any CPU
{2FEE24BA-85FD-4863-8F3A-41AE0A6DC8CE}.Release|Any CPU.Build.0 = Release|Any CPU
EndGlobalSection
GlobalSection(SolutionProperties) = preSolution
HideSolutionNode = FALSE
EndGlobalSection
EndGlobal
