Microsoft Visual Studio Solution File, Format Version 12.00
# Visual Studio Version 17
VisualStudioVersion = 17.0.32112.339
MinimumVisualStudioVersion = 10.0.40219.1
Project("{2150E333-8FDC-42A3-9474-1A3956D46DE8}") = "Solution Items", "Solution Items", "{B36D70C8-6ABA-42FE-9C5E-8DD125E59288}"
	ProjectSection(SolutionItems) = preProject
		publish.cmd = publish.cmd
		Version\Version.cs = Version\Version.cs
		Version\Version.props = Version\Version.props
		Version\VersionMaster.txt = Version\VersionMaster.txt
	EndProjectSection
EndProject
Project("{9A19103F-16F7-4668-BE54-9A1E7A4F7556}") = "MyMoney", "MyMoney\MyMoney.csproj", "{6B0B9232-88CF-41B0-84AB-186D2F467184}"
EndProject
Project("{9A19103F-16F7-4668-BE54-9A1E7A4F7556}") = "EdgeDetectionTest", "EdgeDetectionTest\EdgeDetectionTest.csproj", "{17EB6CE7-9EED-4EE3-B96C-2ABAC3E080B7}"
EndProject
Project("{9A19103F-16F7-4668-BE54-9A1E7A4F7556}") = "OfxTestServer", "OfxTestServer\OfxTestServer.csproj", "{0180FC93-258E-462D-BF4C-21914F39E4B0}"
EndProject
Project("{9A19103F-16F7-4668-BE54-9A1E7A4F7556}") = "FindUnusedStyles", "FindUnusedStyles\FindUnusedStyles.csproj", "{44889073-8C1B-47B7-9D7D-3AFE88864C02}"
EndProject
Project("{9A19103F-16F7-4668-BE54-9A1E7A4F7556}") = "UpdateVersion", "UpdateVersion\UpdateVersion.csproj", "{8673FB3D-4A7B-427C-A97A-398729F44A05}"
EndProject
Project("{FAE04EC0-301F-11D3-BF4B-00C04F79EFBC}") = "UnitTests", "UnitTests\UnitTests.csproj", "{BB095525-DBC5-4D53-A390-2F6D587EF021}"
EndProject
Global
	GlobalSection(SolutionConfigurationPlatforms) = preSolution
		Debug|Any CPU = Debug|Any CPU
		Debug|ARM = Debug|ARM
		Debug|ARM64 = Debug|ARM64
		Debug|Mixed Platforms = Debug|Mixed Platforms
		Debug|x64 = Debug|x64
		Debug|x86 = Debug|x86
		Release|Any CPU = Release|Any CPU
		Release|ARM = Release|ARM
		Release|ARM64 = Release|ARM64
		Release|Mixed Platforms = Release|Mixed Platforms
		Release|x64 = Release|x64
		Release|x86 = Release|x86
	EndGlobalSection
	GlobalSection(ProjectConfigurationPlatforms) = postSolution
		{6B0B9232-88CF-41B0-84AB-186D2F467184}.Debug|Any CPU.ActiveCfg = Debug|Any CPU
		{6B0B9232-88CF-41B0-84AB-186D2F467184}.Debug|Any CPU.Build.0 = Debug|Any CPU
		{6B0B9232-88CF-41B0-84AB-186D2F467184}.Debug|ARM.ActiveCfg = Debug|Any CPU
		{6B0B9232-88CF-41B0-84AB-186D2F467184}.Debug|ARM.Build.0 = Debug|Any CPU
		{6B0B9232-88CF-41B0-84AB-186D2F467184}.Debug|ARM64.ActiveCfg = Debug|Any CPU
		{6B0B9232-88CF-41B0-84AB-186D2F467184}.Debug|ARM64.Build.0 = Debug|Any CPU
		{6B0B9232-88CF-41B0-84AB-186D2F467184}.Debug|Mixed Platforms.ActiveCfg = Debug|Any CPU
		{6B0B9232-88CF-41B0-84AB-186D2F467184}.Debug|Mixed Platforms.Build.0 = Debug|Any CPU
		{6B0B9232-88CF-41B0-84AB-186D2F467184}.Debug|x64.ActiveCfg = Debug|Any CPU
		{6B0B9232-88CF-41B0-84AB-186D2F467184}.Debug|x64.Build.0 = Debug|Any CPU
		{6B0B9232-88CF-41B0-84AB-186D2F467184}.Debug|x86.ActiveCfg = Debug|Any CPU
		{6B0B9232-88CF-41B0-84AB-186D2F467184}.Release|Any CPU.ActiveCfg = Release|Any CPU
		{6B0B9232-88CF-41B0-84AB-186D2F467184}.Release|Any CPU.Build.0 = Release|Any CPU
		{6B0B9232-88CF-41B0-84AB-186D2F467184}.Release|ARM.ActiveCfg = Release|Any CPU
		{6B0B9232-88CF-41B0-84AB-186D2F467184}.Release|ARM.Build.0 = Release|Any CPU
		{6B0B9232-88CF-41B0-84AB-186D2F467184}.Release|ARM64.ActiveCfg = Release|Any CPU
		{6B0B9232-88CF-41B0-84AB-186D2F467184}.Release|ARM64.Build.0 = Release|Any CPU
		{6B0B9232-88CF-41B0-84AB-186D2F467184}.Release|Mixed Platforms.ActiveCfg = Release|Any CPU
		{6B0B9232-88CF-41B0-84AB-186D2F467184}.Release|Mixed Platforms.Build.0 = Release|Any CPU
		{6B0B9232-88CF-41B0-84AB-186D2F467184}.Release|x64.ActiveCfg = Release|Any CPU
		{6B0B9232-88CF-41B0-84AB-186D2F467184}.Release|x64.Build.0 = Release|Any CPU
		{6B0B9232-88CF-41B0-84AB-186D2F467184}.Release|x86.ActiveCfg = Release|Any CPU
		{17EB6CE7-9EED-4EE3-B96C-2ABAC3E080B7}.Debug|Any CPU.ActiveCfg = Debug|Any CPU
		{17EB6CE7-9EED-4EE3-B96C-2ABAC3E080B7}.Debug|Any CPU.Build.0 = Debug|Any CPU
		{17EB6CE7-9EED-4EE3-B96C-2ABAC3E080B7}.Debug|ARM.ActiveCfg = Debug|Any CPU
		{17EB6CE7-9EED-4EE3-B96C-2ABAC3E080B7}.Debug|ARM.Build.0 = Debug|Any CPU
		{17EB6CE7-9EED-4EE3-B96C-2ABAC3E080B7}.Debug|ARM64.ActiveCfg = Debug|Any CPU
		{17EB6CE7-9EED-4EE3-B96C-2ABAC3E080B7}.Debug|ARM64.Build.0 = Debug|Any CPU
		{17EB6CE7-9EED-4EE3-B96C-2ABAC3E080B7}.Debug|Mixed Platforms.ActiveCfg = Debug|Any CPU
		{17EB6CE7-9EED-4EE3-B96C-2ABAC3E080B7}.Debug|Mixed Platforms.Build.0 = Debug|Any CPU
		{17EB6CE7-9EED-4EE3-B96C-2ABAC3E080B7}.Debug|x64.ActiveCfg = Debug|Any CPU
		{17EB6CE7-9EED-4EE3-B96C-2ABAC3E080B7}.Debug|x64.Build.0 = Debug|Any CPU
		{17EB6CE7-9EED-4EE3-B96C-2ABAC3E080B7}.Debug|x86.ActiveCfg = Debug|Any CPU
		{17EB6CE7-9EED-4EE3-B96C-2ABAC3E080B7}.Release|Any CPU.ActiveCfg = Release|Any CPU
		{17EB6CE7-9EED-4EE3-B96C-2ABAC3E080B7}.Release|Any CPU.Build.0 = Release|Any CPU
		{17EB6CE7-9EED-4EE3-B96C-2ABAC3E080B7}.Release|ARM.ActiveCfg = Release|Any CPU
		{17EB6CE7-9EED-4EE3-B96C-2ABAC3E080B7}.Release|ARM.Build.0 = Release|Any CPU
		{17EB6CE7-9EED-4EE3-B96C-2ABAC3E080B7}.Release|ARM64.ActiveCfg = Release|Any CPU
		{17EB6CE7-9EED-4EE3-B96C-2ABAC3E080B7}.Release|ARM64.Build.0 = Release|Any CPU
		{17EB6CE7-9EED-4EE3-B96C-2ABAC3E080B7}.Release|Mixed Platforms.ActiveCfg = Release|Any CPU
		{17EB6CE7-9EED-4EE3-B96C-2ABAC3E080B7}.Release|Mixed Platforms.Build.0 = Release|Any CPU
		{17EB6CE7-9EED-4EE3-B96C-2ABAC3E080B7}.Release|x64.ActiveCfg = Release|Any CPU
		{17EB6CE7-9EED-4EE3-B96C-2ABAC3E080B7}.Release|x64.Build.0 = Release|Any CPU
		{17EB6CE7-9EED-4EE3-B96C-2ABAC3E080B7}.Release|x86.ActiveCfg = Release|Any CPU
		{0180FC93-258E-462D-BF4C-21914F39E4B0}.Debug|Any CPU.ActiveCfg = Debug|Any CPU
		{0180FC93-258E-462D-BF4C-21914F39E4B0}.Debug|Any CPU.Build.0 = Debug|Any CPU
		{0180FC93-258E-462D-BF4C-21914F39E4B0}.Debug|ARM.ActiveCfg = Debug|Any CPU
		{0180FC93-258E-462D-BF4C-21914F39E4B0}.Debug|ARM.Build.0 = Debug|Any CPU
		{0180FC93-258E-462D-BF4C-21914F39E4B0}.Debug|ARM64.ActiveCfg = Debug|Any CPU
		{0180FC93-258E-462D-BF4C-21914F39E4B0}.Debug|ARM64.Build.0 = Debug|Any CPU
		{0180FC93-258E-462D-BF4C-21914F39E4B0}.Debug|Mixed Platforms.ActiveCfg = Debug|Any CPU
		{0180FC93-258E-462D-BF4C-21914F39E4B0}.Debug|Mixed Platforms.Build.0 = Debug|Any CPU
		{0180FC93-258E-462D-BF4C-21914F39E4B0}.Debug|x64.ActiveCfg = Debug|Any CPU
		{0180FC93-258E-462D-BF4C-21914F39E4B0}.Debug|x64.Build.0 = Debug|Any CPU
		{0180FC93-258E-462D-BF4C-21914F39E4B0}.Debug|x86.ActiveCfg = Debug|Any CPU
		{0180FC93-258E-462D-BF4C-21914F39E4B0}.Debug|x86.Build.0 = Debug|Any CPU
		{0180FC93-258E-462D-BF4C-21914F39E4B0}.Release|Any CPU.ActiveCfg = Release|Any CPU
		{0180FC93-258E-462D-BF4C-21914F39E4B0}.Release|Any CPU.Build.0 = Release|Any CPU
		{0180FC93-258E-462D-BF4C-21914F39E4B0}.Release|ARM.ActiveCfg = Release|Any CPU
		{0180FC93-258E-462D-BF4C-21914F39E4B0}.Release|ARM.Build.0 = Release|Any CPU
		{0180FC93-258E-462D-BF4C-21914F39E4B0}.Release|ARM64.ActiveCfg = Release|Any CPU
		{0180FC93-258E-462D-BF4C-21914F39E4B0}.Release|ARM64.Build.0 = Release|Any CPU
		{0180FC93-258E-462D-BF4C-21914F39E4B0}.Release|Mixed Platforms.ActiveCfg = Release|Any CPU
		{0180FC93-258E-462D-BF4C-21914F39E4B0}.Release|Mixed Platforms.Build.0 = Release|Any CPU
		{0180FC93-258E-462D-BF4C-21914F39E4B0}.Release|x64.ActiveCfg = Release|Any CPU
		{0180FC93-258E-462D-BF4C-21914F39E4B0}.Release|x64.Build.0 = Release|Any CPU
		{0180FC93-258E-462D-BF4C-21914F39E4B0}.Release|x86.ActiveCfg = Release|Any CPU
		{0180FC93-258E-462D-BF4C-21914F39E4B0}.Release|x86.Build.0 = Release|Any CPU
		{44889073-8C1B-47B7-9D7D-3AFE88864C02}.Debug|Any CPU.ActiveCfg = Debug|Any CPU
		{44889073-8C1B-47B7-9D7D-3AFE88864C02}.Debug|Any CPU.Build.0 = Debug|Any CPU
		{44889073-8C1B-47B7-9D7D-3AFE88864C02}.Debug|ARM.ActiveCfg = Debug|Any CPU
		{44889073-8C1B-47B7-9D7D-3AFE88864C02}.Debug|ARM.Build.0 = Debug|Any CPU
		{44889073-8C1B-47B7-9D7D-3AFE88864C02}.Debug|ARM64.ActiveCfg = Debug|Any CPU
		{44889073-8C1B-47B7-9D7D-3AFE88864C02}.Debug|ARM64.Build.0 = Debug|Any CPU
		{44889073-8C1B-47B7-9D7D-3AFE88864C02}.Debug|Mixed Platforms.ActiveCfg = Debug|Any CPU
		{44889073-8C1B-47B7-9D7D-3AFE88864C02}.Debug|Mixed Platforms.Build.0 = Debug|Any CPU
		{44889073-8C1B-47B7-9D7D-3AFE88864C02}.Debug|x64.ActiveCfg = Debug|Any CPU
		{44889073-8C1B-47B7-9D7D-3AFE88864C02}.Debug|x64.Build.0 = Debug|Any CPU
		{44889073-8C1B-47B7-9D7D-3AFE88864C02}.Debug|x86.ActiveCfg = Debug|Any CPU
		{44889073-8C1B-47B7-9D7D-3AFE88864C02}.Debug|x86.Build.0 = Debug|Any CPU
		{44889073-8C1B-47B7-9D7D-3AFE88864C02}.Release|Any CPU.ActiveCfg = Release|Any CPU
		{44889073-8C1B-47B7-9D7D-3AFE88864C02}.Release|Any CPU.Build.0 = Release|Any CPU
		{44889073-8C1B-47B7-9D7D-3AFE88864C02}.Release|ARM.ActiveCfg = Release|Any CPU
		{44889073-8C1B-47B7-9D7D-3AFE88864C02}.Release|ARM.Build.0 = Release|Any CPU
		{44889073-8C1B-47B7-9D7D-3AFE88864C02}.Release|ARM64.ActiveCfg = Release|Any CPU
		{44889073-8C1B-47B7-9D7D-3AFE88864C02}.Release|ARM64.Build.0 = Release|Any CPU
		{44889073-8C1B-47B7-9D7D-3AFE88864C02}.Release|Mixed Platforms.ActiveCfg = Release|Any CPU
		{44889073-8C1B-47B7-9D7D-3AFE88864C02}.Release|Mixed Platforms.Build.0 = Release|Any CPU
		{44889073-8C1B-47B7-9D7D-3AFE88864C02}.Release|x64.ActiveCfg = Release|Any CPU
		{44889073-8C1B-47B7-9D7D-3AFE88864C02}.Release|x64.Build.0 = Release|Any CPU
		{44889073-8C1B-47B7-9D7D-3AFE88864C02}.Release|x86.ActiveCfg = Release|Any CPU
		{44889073-8C1B-47B7-9D7D-3AFE88864C02}.Release|x86.Build.0 = Release|Any CPU
		{8673FB3D-4A7B-427C-A97A-398729F44A05}.Debug|Any CPU.ActiveCfg = Debug|Any CPU
		{8673FB3D-4A7B-427C-A97A-398729F44A05}.Debug|Any CPU.Build.0 = Debug|Any CPU
		{8673FB3D-4A7B-427C-A97A-398729F44A05}.Debug|ARM.ActiveCfg = Debug|Any CPU
		{8673FB3D-4A7B-427C-A97A-398729F44A05}.Debug|ARM.Build.0 = Debug|Any CPU
		{8673FB3D-4A7B-427C-A97A-398729F44A05}.Debug|ARM64.ActiveCfg = Debug|Any CPU
		{8673FB3D-4A7B-427C-A97A-398729F44A05}.Debug|ARM64.Build.0 = Debug|Any CPU
		{8673FB3D-4A7B-427C-A97A-398729F44A05}.Debug|Mixed Platforms.ActiveCfg = Debug|Any CPU
		{8673FB3D-4A7B-427C-A97A-398729F44A05}.Debug|Mixed Platforms.Build.0 = Debug|Any CPU
		{8673FB3D-4A7B-427C-A97A-398729F44A05}.Debug|x64.ActiveCfg = Debug|Any CPU
		{8673FB3D-4A7B-427C-A97A-398729F44A05}.Debug|x64.Build.0 = Debug|Any CPU
		{8673FB3D-4A7B-427C-A97A-398729F44A05}.Debug|x86.ActiveCfg = Debug|Any CPU
		{8673FB3D-4A7B-427C-A97A-398729F44A05}.Debug|x86.Build.0 = Debug|Any CPU
		{8673FB3D-4A7B-427C-A97A-398729F44A05}.Release|Any CPU.ActiveCfg = Release|Any CPU
		{8673FB3D-4A7B-427C-A97A-398729F44A05}.Release|Any CPU.Build.0 = Release|Any CPU
		{8673FB3D-4A7B-427C-A97A-398729F44A05}.Release|ARM.ActiveCfg = Release|Any CPU
		{8673FB3D-4A7B-427C-A97A-398729F44A05}.Release|ARM.Build.0 = Release|Any CPU
		{8673FB3D-4A7B-427C-A97A-398729F44A05}.Release|ARM64.ActiveCfg = Release|Any CPU
		{8673FB3D-4A7B-427C-A97A-398729F44A05}.Release|ARM64.Build.0 = Release|Any CPU
		{8673FB3D-4A7B-427C-A97A-398729F44A05}.Release|Mixed Platforms.ActiveCfg = Release|Any CPU
		{8673FB3D-4A7B-427C-A97A-398729F44A05}.Release|Mixed Platforms.Build.0 = Release|Any CPU
		{8673FB3D-4A7B-427C-A97A-398729F44A05}.Release|x64.ActiveCfg = Release|Any CPU
		{8673FB3D-4A7B-427C-A97A-398729F44A05}.Release|x64.Build.0 = Release|Any CPU
		{8673FB3D-4A7B-427C-A97A-398729F44A05}.Release|x86.ActiveCfg = Release|Any CPU
		{8673FB3D-4A7B-427C-A97A-398729F44A05}.Release|x86.Build.0 = Release|Any CPU
		{BB095525-DBC5-4D53-A390-2F6D587EF021}.Debug|Any CPU.ActiveCfg = Debug|Any CPU
		{BB095525-DBC5-4D53-A390-2F6D587EF021}.Debug|Any CPU.Build.0 = Debug|Any CPU
		{BB095525-DBC5-4D53-A390-2F6D587EF021}.Debug|ARM.ActiveCfg = Debug|Any CPU
		{BB095525-DBC5-4D53-A390-2F6D587EF021}.Debug|ARM.Build.0 = Debug|Any CPU
		{BB095525-DBC5-4D53-A390-2F6D587EF021}.Debug|ARM64.ActiveCfg = Debug|Any CPU
		{BB095525-DBC5-4D53-A390-2F6D587EF021}.Debug|ARM64.Build.0 = Debug|Any CPU
		{BB095525-DBC5-4D53-A390-2F6D587EF021}.Debug|Mixed Platforms.ActiveCfg = Debug|Any CPU
		{BB095525-DBC5-4D53-A390-2F6D587EF021}.Debug|Mixed Platforms.Build.0 = Debug|Any CPU
		{BB095525-DBC5-4D53-A390-2F6D587EF021}.Debug|x64.ActiveCfg = Debug|Any CPU
		{BB095525-DBC5-4D53-A390-2F6D587EF021}.Debug|x64.Build.0 = Debug|Any CPU
		{BB095525-DBC5-4D53-A390-2F6D587EF021}.Debug|x86.ActiveCfg = Debug|Any CPU
		{BB095525-DBC5-4D53-A390-2F6D587EF021}.Debug|x86.Build.0 = Debug|Any CPU
		{BB095525-DBC5-4D53-A390-2F6D587EF021}.Release|Any CPU.ActiveCfg = Release|Any CPU
		{BB095525-DBC5-4D53-A390-2F6D587EF021}.Release|Any CPU.Build.0 = Release|Any CPU
		{BB095525-DBC5-4D53-A390-2F6D587EF021}.Release|ARM.ActiveCfg = Release|Any CPU
		{BB095525-DBC5-4D53-A390-2F6D587EF021}.Release|ARM.Build.0 = Release|Any CPU
		{BB095525-DBC5-4D53-A390-2F6D587EF021}.Release|ARM64.ActiveCfg = Release|Any CPU
		{BB095525-DBC5-4D53-A390-2F6D587EF021}.Release|ARM64.Build.0 = Release|Any CPU
		{BB095525-DBC5-4D53-A390-2F6D587EF021}.Release|Mixed Platforms.ActiveCfg = Release|Any CPU
		{BB095525-DBC5-4D53-A390-2F6D587EF021}.Release|Mixed Platforms.Build.0 = Release|Any CPU
		{BB095525-DBC5-4D53-A390-2F6D587EF021}.Release|x64.ActiveCfg = Release|Any CPU
		{BB095525-DBC5-4D53-A390-2F6D587EF021}.Release|x64.Build.0 = Release|Any CPU
		{BB095525-DBC5-4D53-A390-2F6D587EF021}.Release|x86.ActiveCfg = Release|Any CPU
		{BB095525-DBC5-4D53-A390-2F6D587EF021}.Release|x86.Build.0 = Release|Any CPU
	EndGlobalSection
	GlobalSection(SolutionProperties) = preSolution
		HideSolutionNode = FALSE
	EndGlobalSection
	GlobalSection(ExtensibilityGlobals) = postSolution
		SolutionGuid = {FDA32D10-48BB-485B-82AC-4A3115CA14B9}
	EndGlobalSection
	GlobalSection(TestCaseManagementSettings) = postSolution
		CategoryFile = MyMoney.vsmdi
	EndGlobalSection
EndGlobal
