
Microsoft Visual Studio Solution File, Format Version 12.00
# Visual Studio Version 17
VisualStudioVersion = 17.4.33205.214
MinimumVisualStudioVersion = 10.0.40219.1
Project("{C7167F0D-BC9F-4E6E-AFE1-012C56B48DB5}") = "MoneyPackage", "MoneyPackage\MoneyPackage.wapproj", "{9CBFA246-8C43-4480-A604-FED4FFA077A9}"
EndProject
Project("{9A19103F-16F7-4668-BE54-9A1E7A4F7556}") = "MyMoney", "MyMoney\MyMoney.csproj", "{6B0B9232-88CF-41B0-84AB-186D2F467184}"
EndProject
Global
	GlobalSection(SolutionConfigurationPlatforms) = preSolution
		Debug|Any CPU = Debug|Any CPU
		Debug|ARM = Debug|ARM
		Debug|ARM64 = Debug|ARM64
		Debug|x64 = Debug|x64
		Debug|x86 = Debug|x86
		Release|Any CPU = Release|Any CPU
		Release|ARM = Release|ARM
		Release|ARM64 = Release|ARM64
		Release|x64 = Release|x64
		Release|x86 = Release|x86
	EndGlobalSection
	GlobalSection(ProjectConfigurationPlatforms) = postSolution
		{9CBFA246-8C43-4480-A604-FED4FFA077A9}.Debug|Any CPU.ActiveCfg = Debug|Any CPU
		{9CBFA246-8C43-4480-A604-FED4FFA077A9}.Debug|Any CPU.Build.0 = Debug|Any CPU
		{9CBFA246-8C43-4480-A604-FED4FFA077A9}.Debug|Any CPU.Deploy.0 = Debug|Any CPU
		{9CBFA246-8C43-4480-A604-FED4FFA077A9}.Debug|ARM.ActiveCfg = Debug|ARM
		{9CBFA246-8C43-4480-A604-FED4FFA077A9}.Debug|ARM.Build.0 = Debug|ARM
		{9CBFA246-8C43-4480-A604-FED4FFA077A9}.Debug|ARM.Deploy.0 = Debug|ARM
		{9CBFA246-8C43-4480-A604-FED4FFA077A9}.Debug|ARM64.ActiveCfg = Debug|ARM64
		{9CBFA246-8C43-4480-A604-FED4FFA077A9}.Debug|ARM64.Build.0 = Debug|ARM64
		{9CBFA246-8C43-4480-A604-FED4FFA077A9}.Debug|ARM64.Deploy.0 = Debug|ARM64
		{9CBFA246-8C43-4480-A604-FED4FFA077A9}.Debug|x64.ActiveCfg = Debug|x64
		{9CBFA246-8C43-4480-A604-FED4FFA077A9}.Debug|x64.Build.0 = Debug|x64
		{9CBFA246-8C43-4480-A604-FED4FFA077A9}.Debug|x64.Deploy.0 = Debug|x64
		{9CBFA246-8C43-4480-A604-FED4FFA077A9}.Debug|x86.ActiveCfg = Debug|x86
		{9CBFA246-8C43-4480-A604-FED4FFA077A9}.Debug|x86.Build.0 = Debug|x86
		{9CBFA246-8C43-4480-A604-FED4FFA077A9}.Debug|x86.Deploy.0 = Debug|x86
		{9CBFA246-8C43-4480-A604-FED4FFA077A9}.Release|Any CPU.ActiveCfg = Release|Any CPU
		{9CBFA246-8C43-4480-A604-FED4FFA077A9}.Release|Any CPU.Build.0 = Release|Any CPU
		{9CBFA246-8C43-4480-A604-FED4FFA077A9}.Release|Any CPU.Deploy.0 = Release|Any CPU
		{9CBFA246-8C43-4480-A604-FED4FFA077A9}.Release|ARM.ActiveCfg = Release|ARM
		{9CBFA246-8C43-4480-A604-FED4FFA077A9}.Release|ARM.Build.0 = Release|ARM
		{9CBFA246-8C43-4480-A604-FED4FFA077A9}.Release|ARM.Deploy.0 = Release|ARM
		{9CBFA246-8C43-4480-A604-FED4FFA077A9}.Release|ARM64.ActiveCfg = Release|ARM64
		{9CBFA246-8C43-4480-A604-FED4FFA077A9}.Release|ARM64.Build.0 = Release|ARM64
		{9CBFA246-8C43-4480-A604-FED4FFA077A9}.Release|ARM64.Deploy.0 = Release|ARM64
		{9CBFA246-8C43-4480-A604-FED4FFA077A9}.Release|x64.ActiveCfg = Release|x64
		{9CBFA246-8C43-4480-A604-FED4FFA077A9}.Release|x64.Build.0 = Release|x64
		{9CBFA246-8C43-4480-A604-FED4FFA077A9}.Release|x64.Deploy.0 = Release|x64
		{9CBFA246-8C43-4480-A604-FED4FFA077A9}.Release|x86.ActiveCfg = Release|x86
		{9CBFA246-8C43-4480-A604-FED4FFA077A9}.Release|x86.Build.0 = Release|x86
		{9CBFA246-8C43-4480-A604-FED4FFA077A9}.Release|x86.Deploy.0 = Release|x86
		{6B0B9232-88CF-41B0-84AB-186D2F467184}.Debug|Any CPU.ActiveCfg = Debug|Any CPU
		{6B0B9232-88CF-41B0-84AB-186D2F467184}.Debug|Any CPU.Build.0 = Debug|Any CPU
		{6B0B9232-88CF-41B0-84AB-186D2F467184}.Debug|ARM.ActiveCfg = Debug|Any CPU
		{6B0B9232-88CF-41B0-84AB-186D2F467184}.Debug|ARM.Build.0 = Debug|Any CPU
		{6B0B9232-88CF-41B0-84AB-186D2F467184}.Debug|ARM64.ActiveCfg = Debug|Any CPU
		{6B0B9232-88CF-41B0-84AB-186D2F467184}.Debug|ARM64.Build.0 = Debug|Any CPU
		{6B0B9232-88CF-41B0-84AB-186D2F467184}.Debug|x64.ActiveCfg = Debug|Any CPU
		{6B0B9232-88CF-41B0-84AB-186D2F467184}.Debug|x64.Build.0 = Debug|Any CPU
		{6B0B9232-88CF-41B0-84AB-186D2F467184}.Debug|x86.ActiveCfg = Debug|Any CPU
		{6B0B9232-88CF-41B0-84AB-186D2F467184}.Debug|x86.Build.0 = Debug|Any CPU
		{6B0B9232-88CF-41B0-84AB-186D2F467184}.Release|Any CPU.ActiveCfg = Release|Any CPU
		{6B0B9232-88CF-41B0-84AB-186D2F467184}.Release|Any CPU.Build.0 = Release|Any CPU
		{6B0B9232-88CF-41B0-84AB-186D2F467184}.Release|ARM.ActiveCfg = Release|Any CPU
		{6B0B9232-88CF-41B0-84AB-186D2F467184}.Release|ARM.Build.0 = Release|Any CPU
		{6B0B9232-88CF-41B0-84AB-186D2F467184}.Release|ARM64.ActiveCfg = Release|Any CPU
		{6B0B9232-88CF-41B0-84AB-186D2F467184}.Release|ARM64.Build.0 = Release|Any CPU
		{6B0B9232-88CF-41B0-84AB-186D2F467184}.Release|x64.ActiveCfg = Release|x64
		{6B0B9232-88CF-41B0-84AB-186D2F467184}.Release|x64.Build.0 = Release|x64
		{6B0B9232-88CF-41B0-84AB-186D2F467184}.Release|x86.ActiveCfg = Release|Any CPU
		{6B0B9232-88CF-41B0-84AB-186D2F467184}.Release|x86.Build.0 = Release|Any CPU
	EndGlobalSection
	GlobalSection(SolutionProperties) = preSolution
		HideSolutionNode = FALSE
	EndGlobalSection
	GlobalSection(ExtensibilityGlobals) = postSolution
		SolutionGuid = {27D358E3-084C-4020-85CA-9E77385AA0D1}
	EndGlobalSection
EndGlobal
